
Microsoft Visual Studio Solution File, Format Version 12.00
# Visual Studio Version 17
VisualStudioVersion = 17.3.32922.545
MinimumVisualStudioVersion = 10.0.40219.1
Project("{FAE04EC0-301F-11D3-BF4B-00C04F79EFBC}") = "influxdbUser", "influxdbUser\influxdbUser.csproj", "{370F0A6A-2413-45E3-945C-AA8510408571}"
EndProject
Global
	GlobalSection(SolutionConfigurationPlatforms) = preSolution
		Debug|Any CPU = Debug|Any CPU
		Release|Any CPU = Release|Any CPU
	EndGlobalSection
	GlobalSection(ProjectConfigurationPlatforms) = postSolution
		{370F0A6A-2413-45E3-945C-AA8510408571}.Debug|Any CPU.ActiveCfg = Debug|Any CPU
		{370F0A6A-2413-45E3-945C-AA8510408571}.Debug|Any CPU.Build.0 = Debug|Any CPU
		{370F0A6A-2413-45E3-945C-AA8510408571}.Release|Any CPU.ActiveCfg = Release|Any CPU
		{370F0A6A-2413-45E3-945C-AA8510408571}.Release|Any CPU.Build.0 = Release|Any CPU
	EndGlobalSection
	GlobalSection(SolutionProperties) = preSolution
		HideSolutionNode = FALSE
	EndGlobalSection
	GlobalSection(ExtensibilityGlobals) = postSolution
		SolutionGuid = {394ABB4E-06B2-4202-AE70-0DE0A78CC781}
	EndGlobalSection
EndGlobal
